uuid: d6ea7a6c-909a-4214-9a64-69e3cc967662
langcode: en
status: true
dependencies:
  module:
    - admin_feedback
  theme:
    - pineapple
id: adminfeedbackblock
theme: pineapple
region: content
weight: 0
provider: null
plugin: admin_feedback_block
settings:
  id: admin_feedback_block
  label: 'Admin Feedback Block'
  provider: admin_feedback
  label_display: '0'
visibility: {  }
